
Microsoft Visual Studio Solution File, Format Version 12.00
# Visual Studio Version 16
VisualStudioVersion = 16.0.31613.86
MinimumVisualStudioVersion = 10.0.40219.1
Project("{E24C65DC-7377-472B-9ABA-BC803B73C61A}") = "electionresults.net", ".", "{68998B33-602F-4B26-9714-75CAEAED6171}"
	ProjectSection(WebsiteProperties) = preProject
		TargetFrameworkMoniker = ".NETFramework,Version%3Dv4.0"
		Debug.AspNetCompiler.VirtualPath = "/localhost_20991"
		Debug.AspNetCompiler.PhysicalPath = "..\electionresults.net\"
		Debug.AspNetCompiler.TargetPath = "PrecompiledWeb\localhost_20991\"
		Debug.AspNetCompiler.Updateable = "true"
		Debug.AspNetCompiler.ForceOverwrite = "true"
		Debug.AspNetCompiler.FixedNames = "false"
		Debug.AspNetCompiler.Debug = "True"
		Release.AspNetCompiler.VirtualPath = "/localhost_20991"
		Release.AspNetCompiler.PhysicalPath = "..\electionresults.net\"
		Release.AspNetCompiler.TargetPath = "PrecompiledWeb\localhost_20991\"
		Release.AspNetCompiler.Updateable = "true"
		Release.AspNetCompiler.ForceOverwrite = "true"
		Release.AspNetCompiler.FixedNames = "false"
		Release.AspNetCompiler.Debug = "False"
		VWDPort = "20991"
	EndProjectSection
EndProject
Global
	GlobalSection(SolutionConfigurationPlatforms) = preSolution
		Debug|Any CPU = Debug|Any CPU
	EndGlobalSection
	GlobalSection(ProjectConfigurationPlatforms) = postSolution
		{68998B33-602F-4B26-9714-75CAEAED6171}.Debug|Any CPU.ActiveCfg = Debug|Any CPU
		{68998B33-602F-4B26-9714-75CAEAED6171}.Debug|Any CPU.Build.0 = Debug|Any CPU
	EndGlobalSection
	GlobalSection(SolutionProperties) = preSolution
		HideSolutionNode = FALSE
	EndGlobalSection
	GlobalSection(ExtensibilityGlobals) = postSolution
		SolutionGuid = {B5BC9023-D8AD-44FD-B92B-0FA7EBDE553E}
	EndGlobalSection
EndGlobal
